<?xml version="1.0" encoding="utf-8"?>
<Project ToolsVersion="4.0" xmlns="http://schemas.microsoft.com/developer/msbuild/2003">
  <ItemGroup>
    <Filter Include="Source Files">
      <UniqueIdentifier>{4FC737F1-C7A5-4376-A066-2A32D752A2FF}</UniqueIdentifier>
      <Extensions>cpp;c;cc;cxx;c++;cppm;ixx;def;odl;idl;hpj;bat;asm;asmx</Extensions>
    </Filter>
    <Filter Include="Header Files">
      <UniqueIdentifier>{93995380-89BD-4b04-88EB-625FBE52EBFB}</UniqueIdentifier>
      <Extensions>h;hh;hpp;hxx;h++;hm;inl;inc;ipp;xsd</Extensions>
    </Filter>
    <Filter Include="Resource Files">
      <UniqueIdentifier>{67DA6AB6-F800-4c08-8B7A-83BB121AAD01}</UniqueIdentifier>
      <Extensions>rc;ico;cur;bmp;dlg;rc2;rct;bin;rgs;gif;jpg;jpeg;jpe;resx;tiff;tif;png;wav;mfcribbon-ms</Extensions>
    </Filter>
    <Filter Include="Source Files\generated">
      <UniqueIdentifier>{4b90c603-f0a4-460c-9c04-49ddddb1ad54}</UniqueIdentifier>
    </Filter>
  </ItemGroup>
  <ItemGroup>
    <ClInclude Include="OpcodesLuaWrapper.h">
      <Filter>Source Files</Filter>
    </ClInclude>
  </ItemGroup>
  <ItemGroup>
    <ClCompile Include="generator\output\cpp\opcodes\Attractor.cpp">
      <Filter>Source Files\generated</Filter>
    </ClCompile>
    <ClCompile Include="generator\output\cpp\opcodes\Audio.cpp">
      <Filter>Source Files\generated</Filter>
    </ClCompile>
    <ClCompile Include="generator\output\cpp\opcodes\AudioStream.cpp">
      <Filter>Source Files\generated</Filter>
    </ClCompile>
    <ClCompile Include="generator\output\cpp\opcodes\AudioStream3D.cpp">
      <Filter>Source Files\generated</Filter>
    </ClCompile>
    <ClCompile Include="generator\output\cpp\opcodes\Blip.cpp">
      <Filter>Source Files\generated</Filter>
    </ClCompile>
    <ClCompile Include="generator\output\cpp\opcodes\Boat.cpp">
      <Filter>Source Files\generated</Filter>
    </ClCompile>
    <ClCompile Include="generator\output\cpp\opcodes\Camera.cpp">
      <Filter>Source Files\generated</Filter>
    </ClCompile>
    <ClCompile Include="generator\output\cpp\opcodes\Car.cpp">
      <Filter>Source Files\generated</Filter>
    </ClCompile>
    <ClCompile Include="generator\output\cpp\opcodes\CardDecks.cpp">
      <Filter>Source Files\generated</Filter>
    </ClCompile>
    <ClCompile Include="generator\output\cpp\opcodes\CarGenerator.cpp">
      <Filter>Source Files\generated</Filter>
    </ClCompile>
    <ClCompile Include="generator\output\cpp\opcodes\Char.cpp">
      <Filter>Source Files\generated</Filter>
    </ClCompile>
    <ClCompile Include="generator\output\cpp\opcodes\Checkpoint.cpp">
      <Filter>Source Files\generated</Filter>
    </ClCompile>
    <ClCompile Include="generator\output\cpp\opcodes\CleoBlip.cpp">
      <Filter>Source Files\generated</Filter>
    </ClCompile>
    <ClCompile Include="generator\output\cpp\opcodes\Clipboard.cpp">
      <Filter>Source Files\generated</Filter>
    </ClCompile>
    <ClCompile Include="generator\output\cpp\opcodes\Clock.cpp">
      <Filter>Source Files\generated</Filter>
    </ClCompile>
    <ClCompile Include="generator\output\cpp\opcodes\ColPoint.cpp">
      <Filter>Source Files\generated</Filter>
    </ClCompile>
    <ClCompile Include="generator\output\cpp\opcodes\Conversation.cpp">
      <Filter>Source Files\generated</Filter>
    </ClCompile>
    <ClCompile Include="generator\output\cpp\opcodes\Crane.cpp">
      <Filter>Source Files\generated</Filter>
    </ClCompile>
    <ClCompile Include="generator\output\cpp\opcodes\Credits.cpp">
      <Filter>Source Files\generated</Filter>
    </ClCompile>
    <ClCompile Include="generator\output\cpp\opcodes\Cutscene.cpp">
      <Filter>Source Files\generated</Filter>
    </ClCompile>
    <ClCompile Include="generator\output\cpp\opcodes\Debugger.cpp">
      <Filter>Source Files\generated</Filter>
    </ClCompile>
    <ClCompile Include="generator\output\cpp\opcodes\DecisionMaker.cpp">
      <Filter>Source Files\generated</Filter>
    </ClCompile>
    <ClCompile Include="generator\output\cpp\opcodes\DecisionMakerChar.cpp">
      <Filter>Source Files\generated</Filter>
    </ClCompile>
    <ClCompile Include="generator\output\cpp\opcodes\DecisionMakerGroup.cpp">
      <Filter>Source Files\generated</Filter>
    </ClCompile>
    <ClCompile Include="generator\output\cpp\opcodes\DynamicLibrary.cpp">
      <Filter>Source Files\generated</Filter>
    </ClCompile>
    <ClCompile Include="generator\output\cpp\opcodes\Entity.cpp">
      <Filter>Source Files\generated</Filter>
    </ClCompile>
    <ClCompile Include="generator\output\cpp\opcodes\File.cpp">
      <Filter>Source Files\generated</Filter>
    </ClCompile>
    <ClCompile Include="generator\output\cpp\opcodes\FindFile.cpp">
      <Filter>Source Files\generated</Filter>
    </ClCompile>
    <ClCompile Include="generator\output\cpp\opcodes\Fs.cpp">
      <Filter>Source Files\generated</Filter>
    </ClCompile>
    <ClCompile Include="generator\output\cpp\opcodes\Fx.cpp">
      <Filter>Source Files\generated</Filter>
    </ClCompile>
    <ClCompile Include="generator\output\cpp\opcodes\Game.cpp">
      <Filter>Source Files\generated</Filter>
    </ClCompile>
    <ClCompile Include="generator\output\cpp\opcodes\Gang.cpp">
      <Filter>Source Files\generated</Filter>
    </ClCompile>
    <ClCompile Include="generator\output\cpp\opcodes\Garage.cpp">
      <Filter>Source Files\generated</Filter>
    </ClCompile>
    <ClCompile Include="generator\output\cpp\opcodes\Group.cpp">
      <Filter>Source Files\generated</Filter>
    </ClCompile>
    <ClCompile Include="generator\output\cpp\opcodes\Heli.cpp">
      <Filter>Source Files\generated</Filter>
    </ClCompile>
    <ClCompile Include="generator\output\cpp\opcodes\Hud.cpp">
      <Filter>Source Files\generated</Filter>
    </ClCompile>
    <ClCompile Include="generator\output\cpp\opcodes\ImGui.cpp">
      <Filter>Source Files\generated</Filter>
    </ClCompile>
    <ClCompile Include="generator\output\cpp\opcodes\IniFile.cpp">
      <Filter>Source Files\generated</Filter>
    </ClCompile>
    <ClCompile Include="generator\output\cpp\opcodes\Keywords.cpp">
      <Filter>Source Files\generated</Filter>
    </ClCompile>
    <ClCompile Include="generator\output\cpp\opcodes\KillFrenzy.cpp">
      <Filter>Source Files\generated</Filter>
    </ClCompile>
    <ClCompile Include="generator\output\cpp\opcodes\List.cpp">
      <Filter>Source Files\generated</Filter>
    </ClCompile>
    <ClCompile Include="generator\output\cpp\opcodes\Math.cpp">
      <Filter>Source Files\generated</Filter>
    </ClCompile>
    <ClCompile Include="generator\output\cpp\opcodes\Memory.cpp">
      <Filter>Source Files\generated</Filter>
    </ClCompile>
    <ClCompile Include="generator\output\cpp\opcodes\Menu.cpp">
      <Filter>Source Files\generated</Filter>
    </ClCompile>
    <ClCompile Include="generator\output\cpp\opcodes\MenuGrid.cpp">
      <Filter>Source Files\generated</Filter>
    </ClCompile>
    <ClCompile Include="generator\output\cpp\opcodes\Mission.cpp">
      <Filter>Source Files\generated</Filter>
    </ClCompile>
    <ClCompile Include="generator\output\cpp\opcodes\Mouse.cpp">
      <Filter>Source Files\generated</Filter>
    </ClCompile>
    <ClCompile Include="generator\output\cpp\opcodes\Object.cpp">
      <Filter>Source Files\generated</Filter>
    </ClCompile>
    <ClCompile Include="generator\output\cpp\opcodes\Pad.cpp">
      <Filter>Source Files\generated</Filter>
    </ClCompile>
    <ClCompile Include="generator\output\cpp\opcodes\Particle.cpp">
      <Filter>Source Files\generated</Filter>
    </ClCompile>
    <ClCompile Include="generator\output\cpp\opcodes\Path.cpp">
      <Filter>Source Files\generated</Filter>
    </ClCompile>
    <ClCompile Include="generator\output\cpp\opcodes\Pickup.cpp">
      <Filter>Source Files\generated</Filter>
    </ClCompile>
    <ClCompile Include="generator\output\cpp\opcodes\Plane.cpp">
      <Filter>Source Files\generated</Filter>
    </ClCompile>
    <ClCompile Include="generator\output\cpp\opcodes\Player.cpp">
      <Filter>Source Files\generated</Filter>
    </ClCompile>
    <ClCompile Include="generator\output\cpp\opcodes\Rc.cpp">
      <Filter>Source Files\generated</Filter>
    </ClCompile>
    <ClCompile Include="generator\output\cpp\opcodes\RenderObject.cpp">
      <Filter>Source Files\generated</Filter>
    </ClCompile>
    <ClCompile Include="generator\output\cpp\opcodes\Restart.cpp">
      <Filter>Source Files\generated</Filter>
    </ClCompile>
    <ClCompile Include="generator\output\cpp\opcodes\ScriptFire.cpp">
      <Filter>Source Files\generated</Filter>
    </ClCompile>
    <ClCompile Include="generator\output\cpp\opcodes\Searchlight.cpp">
      <Filter>Source Files\generated</Filter>
    </ClCompile>
    <ClCompile Include="generator\output\cpp\opcodes\Sequence.cpp">
      <Filter>Source Files\generated</Filter>
    </ClCompile>
    <ClCompile Include="generator\output\cpp\opcodes\Shopping.cpp">
      <Filter>Source Files\generated</Filter>
    </ClCompile>
    <ClCompile Include="generator\output\cpp\opcodes\Skip.cpp">
      <Filter>Source Files\generated</Filter>
    </ClCompile>
    <ClCompile Include="generator\output\cpp\opcodes\Sound.cpp">
      <Filter>Source Files\generated</Filter>
    </ClCompile>
    <ClCompile Include="generator\output\cpp\opcodes\Sphere.cpp">
      <Filter>Source Files\generated</Filter>
    </ClCompile>
    <ClCompile Include="generator\output\cpp\opcodes\Stat.cpp">
      <Filter>Source Files\generated</Filter>
    </ClCompile>
    <ClCompile Include="generator\output\cpp\opcodes\StreamedScript.cpp">
      <Filter>Source Files\generated</Filter>
    </ClCompile>
    <ClCompile Include="generator\output\cpp\opcodes\Streaming.cpp">
      <Filter>Source Files\generated</Filter>
    </ClCompile>
    <ClCompile Include="generator\output\cpp\opcodes\StuckCarCheck.cpp">
      <Filter>Source Files\generated</Filter>
    </ClCompile>
    <ClCompile Include="generator\output\cpp\opcodes\Task.cpp">
      <Filter>Source Files\generated</Filter>
    </ClCompile>
    <ClCompile Include="generator\output\cpp\opcodes\Text.cpp">
      <Filter>Source Files\generated</Filter>
    </ClCompile>
    <ClCompile Include="generator\output\cpp\opcodes\Trailer.cpp">
      <Filter>Source Files\generated</Filter>
    </ClCompile>
    <ClCompile Include="generator\output\cpp\opcodes\Train.cpp">
      <Filter>Source Files\generated</Filter>
    </ClCompile>
    <ClCompile Include="generator\output\cpp\opcodes\Txd.cpp">
      <Filter>Source Files\generated</Filter>
    </ClCompile>
    <ClCompile Include="generator\output\cpp\opcodes\User3DMarker.cpp">
      <Filter>Source Files\generated</Filter>
    </ClCompile>
    <ClCompile Include="generator\output\cpp\opcodes\Weapon.cpp">
      <Filter>Source Files\generated</Filter>
    </ClCompile>
    <ClCompile Include="generator\output\cpp\opcodes\Weather.cpp">
      <Filter>Source Files\generated</Filter>
    </ClCompile>
    <ClCompile Include="generator\output\cpp\opcodes\World.cpp">
      <Filter>Source Files\generated</Filter>
    </ClCompile>
    <ClCompile Include="generator\output\cpp\opcodes\Zone.cpp">
      <Filter>Source Files\generated</Filter>
    </ClCompile>
    <ClCompile Include="generator\output\cpp\OpcodesLuaWrapper.cpp">
      <Filter>Source Files\generated</Filter>
    </ClCompile>
  </ItemGroup>
</Project>