<?xml version="1.0" encoding="utf-8"?>
<Project ToolsVersion="4.0" xmlns="http://schemas.microsoft.com/developer/msbuild/2003">
  <ItemGroup>
    <Filter Include="Файлы ресурсов">
      <UniqueIdentifier>{67DA6AB6-F800-4c08-8B7A-83BB121AAD01}</UniqueIdentifier>
      <Extensions>rc;ico;cur;bmp;dlg;rc2;rct;bin;rgs;gif;jpg;jpeg;jpe;resx;tiff;tif;png;wav;mfcribbon-ms</Extensions>
    </Filter>
    <Filter Include="ImGui">
      <UniqueIdentifier>{73401e4f-bf0e-4ea2-b56a-ff23dc4e8e36}</UniqueIdentifier>
    </Filter>
    <Filter Include="Utils">
      <UniqueIdentifier>{5918c6ed-eecf-4fa6-af2a-9c4020c958c8}</UniqueIdentifier>
    </Filter>
    <Filter Include="Windows">
      <UniqueIdentifier>{711f8340-a82c-4792-8159-a7210434953c}</UniqueIdentifier>
    </Filter>
    <Filter Include="Windows\MainMenu">
      <UniqueIdentifier>{4aee9da5-479f-48a9-8b48-233eaa407f61}</UniqueIdentifier>
    </Filter>
    <Filter Include="Utils\settings">
      <UniqueIdentifier>{49cca4c0-124f-40b3-bc83-9d13d1797980}</UniqueIdentifier>
    </Filter>
    <Filter Include="Utils\Fonts">
      <UniqueIdentifier>{e20713ce-dbe5-4854-b6f6-c0ff6533f598}</UniqueIdentifier>
    </Filter>
    <Filter Include="Windows\Settings">
      <UniqueIdentifier>{51194ebc-508b-4f1e-af49-e5804d78302c}</UniqueIdentifier>
    </Filter>
    <Filter Include="Utils\Localization">
      <UniqueIdentifier>{d8d84c62-95dd-4283-be59-e7366251671c}</UniqueIdentifier>
    </Filter>
    <Filter Include="Utils\Lua">
      <UniqueIdentifier>{15efa7da-014b-463c-bffe-d47ef91b2507}</UniqueIdentifier>
    </Filter>
    <Filter Include="Windows\Entities">
      <UniqueIdentifier>{6c9b813c-a7ef-4704-8285-ab924dc5a073}</UniqueIdentifier>
    </Filter>
    <Filter Include="Data">
      <UniqueIdentifier>{672ef22a-dc4f-4373-a608-75e73ac22d15}</UniqueIdentifier>
    </Filter>
    <Filter Include="Utils\HotkeyService">
      <UniqueIdentifier>{fbc6553d-3963-41e8-bf51-8b22877133f3}</UniqueIdentifier>
    </Filter>
    <Filter Include="Windows\ProjectsPopup">
      <UniqueIdentifier>{66e7dbbd-0ea8-4b51-afa2-a7526e50cb47}</UniqueIdentifier>
    </Filter>
    <Filter Include="Windows\ActorsWindow">
      <UniqueIdentifier>{dc04b2c0-8ddb-4c6f-b0fc-951febe3483c}</UniqueIdentifier>
    </Filter>
    <Filter Include="Utils\ModelsService">
      <UniqueIdentifier>{295a8e14-2b66-47c4-b81e-c4df5b37069f}</UniqueIdentifier>
    </Filter>
    <Filter Include="Windows\PopupSkinSelector">
      <UniqueIdentifier>{d988e1e0-a328-4bba-997b-14de47c84ec4}</UniqueIdentifier>
    </Filter>
    <Filter Include="Windows\PopupWeaponSelector">
      <UniqueIdentifier>{b79191d2-badd-4449-a43d-fe7be3ce7b2e}</UniqueIdentifier>
    </Filter>
    <Filter Include="Windows\NamesEntitiesRender">
      <UniqueIdentifier>{ae29c05d-0d00-4a4a-bdf1-f7e1cac97d6f}</UniqueIdentifier>
    </Filter>
    <Filter Include="Windows\FactCommandWindow">
      <UniqueIdentifier>{0f0a9178-f66e-4589-8829-6e0de780ccde}</UniqueIdentifier>
    </Filter>
    <Filter Include="Windows\PopupScenes">
      <UniqueIdentifier>{213a733d-fe10-4aaf-b620-addfdcf83fa6}</UniqueIdentifier>
    </Filter>
    <Filter Include="Utils\FileWatcher">
      <UniqueIdentifier>{3bd5f4bb-bdaa-4504-a4bf-f7dbf66d9ad3}</UniqueIdentifier>
    </Filter>
    <Filter Include="Utils\ProjectsService">
      <UniqueIdentifier>{a3b527fa-621d-484a-9e2f-5280d2022ae7}</UniqueIdentifier>
    </Filter>
    <Filter Include="Windows\VehiclesWindow">
      <UniqueIdentifier>{d391a1c7-f82d-45d5-88f4-1fd609aaa594}</UniqueIdentifier>
    </Filter>
    <Filter Include="Utils\memsafe">
      <UniqueIdentifier>{bd02643d-e6c8-40ad-aec2-b853a6c14685}</UniqueIdentifier>
    </Filter>
    <Filter Include="Utils\additional_events">
      <UniqueIdentifier>{51e712a0-cdce-4043-89f6-237a35a3d332}</UniqueIdentifier>
    </Filter>
    <Filter Include="Windows\PopupVehicleSelector">
      <UniqueIdentifier>{9a4cfaf1-292c-44c1-9e8a-da33466b4992}</UniqueIdentifier>
    </Filter>
    <Filter Include="Utils\EditByPlayerService">
      <UniqueIdentifier>{bb67f319-32b3-40fd-b0ff-75e6e1ebc992}</UniqueIdentifier>
    </Filter>
    <Filter Include="Windows\PopupWarning">
      <UniqueIdentifier>{fbab3be4-6180-4758-bf82-388ca6bcf64d}</UniqueIdentifier>
    </Filter>
    <Filter Include="Data\Actor">
      <UniqueIdentifier>{ef1c070e-2660-48d0-abe7-27ac00236f28}</UniqueIdentifier>
    </Filter>
    <Filter Include="Data\Scene">
      <UniqueIdentifier>{cb238523-25e6-4ca9-b650-cf9d6e68852e}</UniqueIdentifier>
    </Filter>
    <Filter Include="Data\Vehicle">
      <UniqueIdentifier>{2de4ffa1-b39f-4a8b-bb25-2d40d504535a}</UniqueIdentifier>
    </Filter>
    <Filter Include="Data\Weapon">
      <UniqueIdentifier>{c22e3621-d84f-4cfb-8cc8-db0f752d560d}</UniqueIdentifier>
    </Filter>
    <Filter Include="Data\ProjectData">
      <UniqueIdentifier>{c68828ee-2fec-4a1e-bfa5-020ad82f59a5}</UniqueIdentifier>
    </Filter>
    <Filter Include="Data\Texture">
      <UniqueIdentifier>{dfcac7f0-4ec2-45a4-bcaf-38836ac3e941}</UniqueIdentifier>
    </Filter>
    <Filter Include="Data\Interfaces">
      <UniqueIdentifier>{a03f54cf-b45a-4cf3-ad3f-94615c7fc51c}</UniqueIdentifier>
    </Filter>
    <Filter Include="Data\Objectives">
      <UniqueIdentifier>{37f07c79-690b-43a4-8ef7-eee8bc62089a}</UniqueIdentifier>
    </Filter>
    <Filter Include="Data\Objectives\World">
      <UniqueIdentifier>{077ea1c9-d0c6-4ad3-a9b8-0b6bd64aa40b}</UniqueIdentifier>
    </Filter>
    <Filter Include="Data\Objectives\World\CheckpointObjective">
      <UniqueIdentifier>{1831fb37-0eda-49d2-969a-a134914b3a2e}</UniqueIdentifier>
    </Filter>
    <Filter Include="Windows\ObjectivesWindow">
      <UniqueIdentifier>{b8da6174-28a5-45cf-8d93-41820f3a06b2}</UniqueIdentifier>
    </Filter>
    <Filter Include="Windows\PopupSpriteBlipSelector">
      <UniqueIdentifier>{71ac4f9d-8313-4995-aaa8-8614c2a346de}</UniqueIdentifier>
    </Filter>
    <Filter Include="Windows\ProjectInfoWindow">
      <UniqueIdentifier>{30c071bf-65e0-438a-91fd-daf5b7824963}</UniqueIdentifier>
    </Filter>
    <Filter Include="Utils\ProjectPlayerService">
      <UniqueIdentifier>{afe0e59f-11d9-44ce-a36b-5434b5f78d3d}</UniqueIdentifier>
    </Filter>
    <Filter Include="Data\ObjectiveDependent">
      <UniqueIdentifier>{17f04a3e-e1c6-42b8-a193-29faf81d3a15}</UniqueIdentifier>
    </Filter>
    <Filter Include="Data\Object">
      <UniqueIdentifier>{d9797dd3-8386-408c-b0a6-df5381be58c9}</UniqueIdentifier>
    </Filter>
    <Filter Include="Windows\ObjectsWindows">
      <UniqueIdentifier>{c06eeca1-bb84-4f42-a9bb-f105d4f2b5aa}</UniqueIdentifier>
    </Filter>
    <Filter Include="Utils\ImGuizmo">
      <UniqueIdentifier>{a5ee5cb5-6ea6-44d2-86bc-7590cb801938}</UniqueIdentifier>
    </Filter>
    <Filter Include="Windows\ModelsViewer">
      <UniqueIdentifier>{cc32947e-bbf9-4133-9716-9205cdf8a760}</UniqueIdentifier>
    </Filter>
    <Filter Include="Utils\VirtualScene">
      <UniqueIdentifier>{979879f7-5341-437b-87c1-958c522ae664}</UniqueIdentifier>
    </Filter>
    <Filter Include="Windows\ObjectViewerPopup">
      <UniqueIdentifier>{91650512-0161-4b60-bc25-4645bd7c9597}</UniqueIdentifier>
    </Filter>
    <Filter Include="Windows\ObjectSelectorPopup">
      <UniqueIdentifier>{90e90131-6bdb-4f97-9642-4664c769e976}</UniqueIdentifier>
    </Filter>
    <Filter Include="Utils\sqlite">
      <UniqueIdentifier>{543e27fd-2d40-4cb0-8939-50e3e7274171}</UniqueIdentifier>
    </Filter>
    <Filter Include="Utils\sqlitecpp">
      <UniqueIdentifier>{4cad251f-7792-4f83-ab92-cada265093f7}</UniqueIdentifier>
    </Filter>
    <Filter Include="Utils\easylogging">
      <UniqueIdentifier>{5b1a6c78-960a-4ae9-9055-3c84a0adea14}</UniqueIdentifier>
    </Filter>
    <Filter Include="Windows\FastObjectSelector">
      <UniqueIdentifier>{ebceeba0-dce5-4f17-a664-d9afe473dfa3}</UniqueIdentifier>
    </Filter>
    <Filter Include="Data\Train">
      <UniqueIdentifier>{22995c75-1b48-4dde-8bd4-1683efe44381}</UniqueIdentifier>
    </Filter>
    <Filter Include="Windows\TrainsWindow">
      <UniqueIdentifier>{3b18c813-d113-42bd-a55a-b1e52a943eef}</UniqueIdentifier>
    </Filter>
    <Filter Include="Data\Particle">
      <UniqueIdentifier>{49097109-f00c-486a-982c-fcf2114dde15}</UniqueIdentifier>
    </Filter>
    <Filter Include="Windows\ParticlesWindow">
      <UniqueIdentifier>{81fc7752-e512-4a14-983b-8b8112ad7ff5}</UniqueIdentifier>
    </Filter>
    <Filter Include="Data\Pickup">
      <UniqueIdentifier>{34dd448d-6d9d-4532-a45e-b6b1ee967fa1}</UniqueIdentifier>
    </Filter>
    <Filter Include="Windows\PickupWindow">
      <UniqueIdentifier>{fb56b2b5-5619-4f4d-a6c2-2f849463c266}</UniqueIdentifier>
    </Filter>
    <Filter Include="Data\Pyrotechnics">
      <UniqueIdentifier>{47a5c153-3797-498b-a606-cf25d59862dd}</UniqueIdentifier>
    </Filter>
    <Filter Include="Windows\PyrotechnicsWindow">
      <UniqueIdentifier>{7b3ec681-0dd3-42af-bb64-1c671087c238}</UniqueIdentifier>
    </Filter>
    <Filter Include="Data\Audio">
      <UniqueIdentifier>{9bc70335-acd2-4a63-9291-e8c1d3353f29}</UniqueIdentifier>
    </Filter>
    <Filter Include="Windows\AudioWindow">
      <UniqueIdentifier>{c76e61e6-ec91-4ed3-93df-8658d374d0f1}</UniqueIdentifier>
    </Filter>
    <Filter Include="Data\VisualEffect">
      <UniqueIdentifier>{6ca7cabe-89b5-42f8-9e18-b60b3c7df359}</UniqueIdentifier>
    </Filter>
    <Filter Include="Windows\VisualEffectsWindow">
      <UniqueIdentifier>{477f94d8-2f2f-4ae2-837a-1bb494ec6457}</UniqueIdentifier>
    </Filter>
    <Filter Include="Data\Checkpoint">
      <UniqueIdentifier>{bddf1da1-dc1e-48a4-b242-3bb5bbe7888f}</UniqueIdentifier>
    </Filter>
    <Filter Include="Windows\CheckpointsWindow">
      <UniqueIdentifier>{8da40b88-c4c4-4f63-8b62-0e361076ebc6}</UniqueIdentifier>
    </Filter>
    <Filter Include="Data\Result">
      <UniqueIdentifier>{aa7bb6e8-be56-45db-a7ca-4a16e417e3a2}</UniqueIdentifier>
    </Filter>
    <Filter Include="Utils\lz4">
      <UniqueIdentifier>{618848cf-a25f-406f-8c3f-5ead3fab24d6}</UniqueIdentifier>
    </Filter>
    <Filter Include="Data\SceneSettings">
      <UniqueIdentifier>{9abe8a4c-0025-47f1-be6e-6ed5893b803f}</UniqueIdentifier>
    </Filter>
    <Filter Include="Windows\SceneSettingsPopup">
      <UniqueIdentifier>{98bff168-1292-401c-b45b-edbf91c810e1}</UniqueIdentifier>
    </Filter>
    <Filter Include="Data\Objectives\Actor">
      <UniqueIdentifier>{69d19bd4-d01d-4fcc-8070-bd8179676b3a}</UniqueIdentifier>
    </Filter>
    <Filter Include="Data\Objectives\Actor\KillActorOrGroup">
      <UniqueIdentifier>{f527a42c-2613-4501-bf75-59fad309963c}</UniqueIdentifier>
    </Filter>
    <Filter Include="Data\Objectives\Actor\DamageActor">
      <UniqueIdentifier>{92ddff6d-8c47-4e1a-bd60-c1a4b3877a24}</UniqueIdentifier>
    </Filter>
    <Filter Include="Data\Objectives\Vehicle">
      <UniqueIdentifier>{ea58fb70-2662-4e1d-ab4b-0880a5f8b6a1}</UniqueIdentifier>
    </Filter>
    <Filter Include="Data\Objectives\Vehicle\GetInVehicle">
      <UniqueIdentifier>{72ed6216-81e6-49b9-a361-28a35dccb0bc}</UniqueIdentifier>
    </Filter>
    <Filter Include="Data\Objectives\Vehicle\DestroyVehicle">
      <UniqueIdentifier>{6c221006-ae8a-4242-ad2d-316e2ff807c2}</UniqueIdentifier>
    </Filter>
    <Filter Include="Data\Objectives\World\Cutscene">
      <UniqueIdentifier>{55d3f8db-3044-4365-bd6c-290023f42116}</UniqueIdentifier>
    </Filter>
    <Filter Include="Data\Objectives\World\Countdown">
      <UniqueIdentifier>{4ed75a24-4a4e-4847-9140-afd8786c8f90}</UniqueIdentifier>
    </Filter>
    <Filter Include="Data\Objectives\World\Timeout">
      <UniqueIdentifier>{bb067b0b-765f-4998-b59f-3424f49943fd}</UniqueIdentifier>
    </Filter>
    <Filter Include="Data\Objectives\World\Weather">
      <UniqueIdentifier>{80d6f24a-ca1d-42ee-88e8-deca8d38e459}</UniqueIdentifier>
    </Filter>
    <Filter Include="Data\Objectives\World\ClockTime">
      <UniqueIdentifier>{d723a9bc-f0ef-454d-888b-186df3a696d3}</UniqueIdentifier>
    </Filter>
    <Filter Include="Data\Objectives\World\Traffic">
      <UniqueIdentifier>{3b799614-a949-4cd5-b2d4-0450da507de0}</UniqueIdentifier>
    </Filter>
    <Filter Include="Data\Objectives\Object">
      <UniqueIdentifier>{b0be0077-f2b3-4300-8249-63aef305ed08}</UniqueIdentifier>
    </Filter>
    <Filter Include="Data\Objectives\Object\Damage">
      <UniqueIdentifier>{b6a8186b-d527-471f-9312-b8a596a2c0c7}</UniqueIdentifier>
    </Filter>
    <Filter Include="Data\Objectives\Pickup">
      <UniqueIdentifier>{730521c4-a16b-4f02-a02d-dd24f9476582}</UniqueIdentifier>
    </Filter>
    <Filter Include="Data\Objectives\Pickup\Collect">
      <UniqueIdentifier>{377c5c75-a11b-4cf5-acf2-96a3565b7a51}</UniqueIdentifier>
    </Filter>
    <Filter Include="Data\Objectives\Object\Photograph">
      <UniqueIdentifier>{db1893e0-6fab-4476-aec3-143569fb8755}</UniqueIdentifier>
    </Filter>
    <Filter Include="Data\Objectives\Object\Touch">
      <UniqueIdentifier>{69930190-79b1-4d66-adae-e7fd95cd4b2a}</UniqueIdentifier>
    </Filter>
    <Filter Include="Data\Objectives\Player">
      <UniqueIdentifier>{593586cf-d125-4fef-99dd-3a44aabbeaa1}</UniqueIdentifier>
    </Filter>
    <Filter Include="Data\Objectives\Player\Teleport">
      <UniqueIdentifier>{0b59aa20-1146-48ee-b837-d2682ceea04a}</UniqueIdentifier>
    </Filter>
    <Filter Include="Data\Objectives\Player\Animation">
      <UniqueIdentifier>{bf2736c3-22fb-445b-a996-fbfff7c55b2a}</UniqueIdentifier>
    </Filter>
    <Filter Include="Data\Objectives\Player\TeleportToVehicle">
      <UniqueIdentifier>{c2126d70-7c28-4daf-ae9f-efabec0b2b98}</UniqueIdentifier>
    </Filter>
    <Filter Include="Data\Objectives\Player\LevelWanted">
      <UniqueIdentifier>{d3ab350d-c877-46ab-a47e-d61670535372}</UniqueIdentifier>
    </Filter>
    <Filter Include="Data\Objectives\Player\RemoveWeapons">
      <UniqueIdentifier>{a4451d1b-ebe8-467e-af98-2da357abcaef}</UniqueIdentifier>
    </Filter>
    <Filter Include="Data\Objectives\Player\AddWeapons">
      <UniqueIdentifier>{9169bfca-4f8b-4271-89bb-9f9f8310db45}</UniqueIdentifier>
    </Filter>
    <Filter Include="Data\Objectives\Player\PhoneCall">
      <UniqueIdentifier>{e883b3a2-3ae2-43e2-88cb-47425e171c8f}</UniqueIdentifier>
    </Filter>
    <Filter Include="Data\Objectives\Player\AddMoney">
      <UniqueIdentifier>{e321b909-d7b5-4ef6-9212-3b821503c63a}</UniqueIdentifier>
    </Filter>
    <Filter Include="Data\Objectives\World\AddTimer">
      <UniqueIdentifier>{20913a6a-8481-438b-9227-00f1df0ee8f2}</UniqueIdentifier>
    </Filter>
    <Filter Include="Utils\TimerService">
      <UniqueIdentifier>{9b091f88-240d-4fd3-8ec4-c66e1b77f36e}</UniqueIdentifier>
    </Filter>
    <Filter Include="Data\Objectives\World\RemoveTimer">
      <UniqueIdentifier>{7860c79f-f624-4bfa-984d-5b528ceb6ed9}</UniqueIdentifier>
    </Filter>
  </ItemGroup>
  <ItemGroup>
    <ClCompile Include="main.cpp" />
    <ClCompile Include="ImGui\imgui.cpp">
      <Filter>ImGui</Filter>
    </ClCompile>
    <ClCompile Include="ImGui\imgui_demo.cpp">
      <Filter>ImGui</Filter>
    </ClCompile>
    <ClCompile Include="ImGui\imgui_draw.cpp">
      <Filter>ImGui</Filter>
    </ClCompile>
    <ClCompile Include="ImGui\imgui_impl_dx9.cpp">
      <Filter>ImGui</Filter>
    </ClCompile>
    <ClCompile Include="ImGui\imgui_impl_win32.cpp">
      <Filter>ImGui</Filter>
    </ClCompile>
    <ClCompile Include="ImGui\imgui_tables.cpp">
      <Filter>ImGui</Filter>
    </ClCompile>
    <ClCompile Include="ImGui\imgui_widgets.cpp">
      <Filter>ImGui</Filter>
    </ClCompile>
    <ClCompile Include="utils\fa_data.cpp">
      <Filter>Utils</Filter>
    </ClCompile>
    <ClCompile Include="utils\Logger.cpp" />
    <ClCompile Include="utils\format.cc">
      <Filter>Utils</Filter>
    </ClCompile>
    <ClCompile Include="utils\Settings.cpp">
      <Filter>Utils\settings</Filter>
    </ClCompile>
    <ClCompile Include="utils\fonts\fira_regular.cpp">
      <Filter>Utils\Fonts</Filter>
    </ClCompile>
    <ClCompile Include="Windows\SettingsWindow.cpp">
      <Filter>Windows\Settings</Filter>
    </ClCompile>
    <ClCompile Include="Windows\MainMenu.cpp">
      <Filter>Windows\MainMenu</Filter>
    </ClCompile>
    <ClCompile Include="utils\utils.cpp">
      <Filter>Utils</Filter>
    </ClCompile>
    <ClCompile Include="utils\Localization\Localization.cpp">
      <Filter>Utils\Localization</Filter>
    </ClCompile>
    <ClCompile Include="utils\Tasker.cpp">
      <Filter>Utils</Filter>
    </ClCompile>
    <ClCompile Include="VMTHooker\vmt.cpp">
      <Filter>Utils</Filter>
    </ClCompile>
    <ClCompile Include="utils\LuaEngine.cpp" />
    <ClCompile Include="Windows\EntitiesWindow.cpp">
      <Filter>Windows\Entities</Filter>
    </ClCompile>
    <ClCompile Include="utils\HotKeyService.cpp">
      <Filter>Utils\HotkeyService</Filter>
    </ClCompile>
    <ClCompile Include="Windows\ProjectsWindowPopup.cpp">
      <Filter>Windows\ProjectsPopup</Filter>
    </ClCompile>
    <ClCompile Include="utils\ProjectsService.cpp">
      <Filter>Utils\ProjectsService</Filter>
    </ClCompile>
    <ClCompile Include="Windows\ActorsWindow.cpp">
      <Filter>Windows\ActorsWindow</Filter>
    </ClCompile>
    <ClCompile Include="Windows\ListWindow.cpp">
      <Filter>Windows</Filter>
    </ClCompile>
    <ClCompile Include="ImGui\WindowsRenderService.cpp">
      <Filter>ImGui</Filter>
    </ClCompile>
    <ClCompile Include="Windows\utilsRender.cpp">
      <Filter>Windows</Filter>
    </ClCompile>
    <ClCompile Include="utils\ModelsService.cpp">
      <Filter>Utils\ModelsService</Filter>
    </ClCompile>
    <ClCompile Include="Windows\PopupSkinSelector.cpp">
      <Filter>Windows\PopupSkinSelector</Filter>
    </ClCompile>
    <ClCompile Include="Windows\PopupWeaponSelector.cpp">
      <Filter>Windows\PopupWeaponSelector</Filter>
    </ClCompile>
    <ClCompile Include="Windows\NameEntitiesRender.cpp">
      <Filter>Windows\NamesEntitiesRender</Filter>
    </ClCompile>
    <ClCompile Include="ImGui\imgui_stdlib.cpp">
      <Filter>ImGui</Filter>
    </ClCompile>
    <ClCompile Include="Windows\QuickCommandsWindow.cpp">
      <Filter>Windows\FactCommandWindow</Filter>
    </ClCompile>
    <ClCompile Include="Windows\PopupScenes.cpp">
      <Filter>Windows\PopupScenes</Filter>
    </ClCompile>
    <ClCompile Include="Windows\PopupWarning.cpp">
      <Filter>Windows\PopupWarning</Filter>
    </ClCompile>
    <ClCompile Include="utils\FileWatcher.cpp">
      <Filter>Utils\FileWatcher</Filter>
    </ClCompile>
    <ClCompile Include="Windows\VehiclesWindow.cpp">
      <Filter>Windows\VehiclesWindow</Filter>
    </ClCompile>
    <ClCompile Include="utils\vehicle_renderer.cpp">
      <Filter>Utils</Filter>
    </ClCompile>
    <ClCompile Include="utils\memsafe.cpp">
      <Filter>Utils\memsafe</Filter>
    </ClCompile>
    <ClCompile Include="utils\additional_events.cpp">
      <Filter>Utils\additional_events</Filter>
    </ClCompile>
    <ClCompile Include="utils\pch.cpp">
      <Filter>Utils</Filter>
    </ClCompile>
    <ClCompile Include="Windows\PopupVehicleSelector.cpp">
      <Filter>Windows\PopupVehicleSelector</Filter>
    </ClCompile>
    <ClCompile Include="utils\EditByPlayerService.cpp">
      <Filter>Utils\EditByPlayerService</Filter>
    </ClCompile>
    <ClCompile Include="Data\Actor.cpp">
      <Filter>Data\Actor</Filter>
    </ClCompile>
    <ClCompile Include="Data\Scene.cpp">
      <Filter>Data\Scene</Filter>
    </ClCompile>
    <ClCompile Include="Data\Vehicle.cpp">
      <Filter>Data\Vehicle</Filter>
    </ClCompile>
    <ClCompile Include="Data\Weapon.cpp">
      <Filter>Data\Weapon</Filter>
    </ClCompile>
    <ClCompile Include="Data\ProjectData.cpp">
      <Filter>Data\ProjectData</Filter>
    </ClCompile>
    <ClCompile Include="Data\Texture.cpp">
      <Filter>Data\Texture</Filter>
    </ClCompile>
    <ClCompile Include="Data\BaseObjective.cpp">
      <Filter>Data\Objectives</Filter>
    </ClCompile>
    <ClCompile Include="Data\CheckpointObjective.cpp">
      <Filter>Data\Objectives\World\CheckpointObjective</Filter>
    </ClCompile>
    <ClCompile Include="Data\WorldObjective.cpp">
      <Filter>Data\Objectives\World</Filter>
    </ClCompile>
    <ClCompile Include="Windows\ObjectivesWindow.cpp">
      <Filter>Windows\ObjectivesWindow</Filter>
    </ClCompile>
    <ClCompile Include="Windows\PopupSpriteBlipSelector.cpp">
      <Filter>Windows\PopupSpriteBlipSelector</Filter>
    </ClCompile>
    <ClCompile Include="Windows\ProjectInfoWindow.cpp">
      <Filter>Windows\ProjectInfoWindow</Filter>
    </ClCompile>
    <ClCompile Include="utils\ProjectPlayerService.cpp">
      <Filter>Utils\ProjectPlayerService</Filter>
    </ClCompile>
    <ClCompile Include="Data\ObjectiveDependent.cpp">
      <Filter>Data\ObjectiveDependent</Filter>
    </ClCompile>
    <ClCompile Include="Data\Object.cpp">
      <Filter>Data\Object</Filter>
    </ClCompile>
    <ClCompile Include="Windows\ObjectsWindow.cpp">
      <Filter>Windows\ObjectsWindows</Filter>
    </ClCompile>
    <ClCompile Include="utils\ImGuizmo\ImGuizmo.cpp">
      <Filter>Utils\ImGuizmo</Filter>
    </ClCompile>
    <ClCompile Include="Windows\ModelRenderer.cpp">
      <Filter>Windows\ModelsViewer</Filter>
    </ClCompile>
    <ClCompile Include="utils\VirtualScene.cpp">
      <Filter>Utils\VirtualScene</Filter>
    </ClCompile>
    <ClCompile Include="Windows\ObjectViewerPopup.cpp">
      <Filter>Windows\ObjectViewerPopup</Filter>
    </ClCompile>
    <ClCompile Include="Windows\ObjectSelectorPopup.cpp">
      <Filter>Windows\ObjectSelectorPopup</Filter>
    </ClCompile>
    <ClCompile Include="sqlite3\sqlite3.c">
      <Filter>Utils\sqlite</Filter>
    </ClCompile>
    <ClCompile Include="sqlcpp\sqliteBackup.cpp">
      <Filter>Utils\sqlitecpp</Filter>
    </ClCompile>
    <ClCompile Include="sqlcpp\sqliteColumn.cpp">
      <Filter>Utils\sqlitecpp</Filter>
    </ClCompile>
    <ClCompile Include="sqlcpp\sqliteDatabase.cpp">
      <Filter>Utils\sqlitecpp</Filter>
    </ClCompile>
    <ClCompile Include="sqlcpp\sqliteException.cpp">
      <Filter>Utils\sqlitecpp</Filter>
    </ClCompile>
    <ClCompile Include="sqlcpp\sqliteStatement.cpp">
      <Filter>Utils\sqlitecpp</Filter>
    </ClCompile>
    <ClCompile Include="sqlcpp\sqliteTransaction.cpp">
      <Filter>Utils\sqlitecpp</Filter>
    </ClCompile>
    <ClCompile Include="utils\HttpRequester.cpp">
      <Filter>Utils</Filter>
    </ClCompile>
    <ClCompile Include="easylogging\easylogging++.cc">
      <Filter>Utils\easylogging</Filter>
    </ClCompile>
    <ClCompile Include="Windows\FastObjectSelector.cpp">
      <Filter>Windows\FastObjectSelector</Filter>
    </ClCompile>
    <ClCompile Include="Data\Train.cpp">
      <Filter>Data\Train</Filter>
    </ClCompile>
    <ClCompile Include="Windows\TrainsWindow.cpp">
      <Filter>Windows\TrainsWindow</Filter>
    </ClCompile>
    <ClCompile Include="Data\Particle.cpp">
      <Filter>Data\Particle</Filter>
    </ClCompile>
    <ClCompile Include="Windows\ParticlesWindow.cpp">
      <Filter>Windows\ParticlesWindow</Filter>
    </ClCompile>
    <ClCompile Include="Data\Pickup.cpp">
      <Filter>Data\Pickup</Filter>
    </ClCompile>
    <ClCompile Include="Windows\PickupsWindow.cpp">
      <Filter>Windows\PickupWindow</Filter>
    </ClCompile>
    <ClCompile Include="Data\Pyrotechnics.cpp">
      <Filter>Data\Pyrotechnics</Filter>
    </ClCompile>
    <ClCompile Include="Windows\PyrotechnicsWindow.cpp">
      <Filter>Windows\PyrotechnicsWindow</Filter>
    </ClCompile>
    <ClCompile Include="Data\Audio.cpp">
      <Filter>Data\Audio</Filter>
    </ClCompile>
    <ClCompile Include="Windows\AudioWindow.cpp">
      <Filter>Windows\AudioWindow</Filter>
    </ClCompile>
    <ClCompile Include="utils\imgui-knobs.cpp">
      <Filter>Utils</Filter>
    </ClCompile>
    <ClCompile Include="Data\VisualEffect.cpp">
      <Filter>Data\VisualEffect</Filter>
    </ClCompile>
    <ClCompile Include="Windows\VisualEffectsWindow.cpp">
      <Filter>Windows\VisualEffectsWindow</Filter>
    </ClCompile>
    <ClCompile Include="Data\Checkpoint.cpp">
      <Filter>Data\Checkpoint</Filter>
    </ClCompile>
    <ClCompile Include="Windows\CheckpointsWindow.cpp">
      <Filter>Windows\CheckpointsWindow</Filter>
    </ClCompile>
    <ClCompile Include="Data\Result.cpp">
      <Filter>Data\Result</Filter>
    </ClCompile>
    <ClCompile Include="lz4\lz4.c">
      <Filter>Utils\lz4</Filter>
    </ClCompile>
    <ClCompile Include="lz4\lz4hc.c">
      <Filter>Utils\lz4</Filter>
    </ClCompile>
    <ClCompile Include="Data\SceneSettings.cpp">
      <Filter>Data\SceneSettings</Filter>
    </ClCompile>
    <ClCompile Include="Windows\SceneSettingsPopup.cpp">
      <Filter>Windows\SceneSettingsPopup</Filter>
    </ClCompile>
    <ClCompile Include="Data\ActorObjective.cpp">
      <Filter>Data\Objectives\Actor</Filter>
    </ClCompile>
    <ClCompile Include="Data\KillActorOrGroupObjective.cpp">
      <Filter>Data\Objectives\Actor\KillActorOrGroup</Filter>
    </ClCompile>
    <ClCompile Include="Data\DamageActorObjective.cpp">
      <Filter>Data\Objectives\Actor\DamageActor</Filter>
    </ClCompile>
    <ClCompile Include="Data\VehicleObjective.cpp">
      <Filter>Data\Objectives\Vehicle</Filter>
    </ClCompile>
    <ClCompile Include="Data\GetInVehicleObjective.cpp">
      <Filter>Data\Objectives\Vehicle\GetInVehicle</Filter>
    </ClCompile>
    <ClCompile Include="Data\DestroyVehicleObjective.cpp">
      <Filter>Data\Objectives\Vehicle\DestroyVehicle</Filter>
    </ClCompile>
    <ClCompile Include="Data\CutsceneObjective.cpp">
      <Filter>Data\Objectives\World\Cutscene</Filter>
    </ClCompile>
    <ClCompile Include="utils\MathUtils.cpp">
      <Filter>Utils</Filter>
    </ClCompile>
    <ClCompile Include="Data\CutsceneMutex.cpp">
      <Filter>Data\Objectives\World</Filter>
    </ClCompile>
    <ClCompile Include="Data\CountdownObjective.cpp">
      <Filter>Data\Objectives\World\Countdown</Filter>
    </ClCompile>
    <ClCompile Include="Data\TimeoutObjective.cpp">
      <Filter>Data\Objectives\World\Timeout</Filter>
    </ClCompile>
    <ClCompile Include="Data\WeatherObjective.cpp">
      <Filter>Data\Objectives\World\Weather</Filter>
    </ClCompile>
    <ClCompile Include="Data\ClockTimeObjective.cpp">
      <Filter>Data\Objectives\World\ClockTime</Filter>
    </ClCompile>
    <ClCompile Include="Data\TrafficObjective.cpp">
      <Filter>Data\Objectives\World\Traffic</Filter>
    </ClCompile>
    <ClCompile Include="Data\ObjectObjective.cpp">
      <Filter>Data\Objectives\Object</Filter>
    </ClCompile>
    <ClCompile Include="Data\DamageObjectObjective.cpp">
      <Filter>Data\Objectives\Object\Damage</Filter>
    </ClCompile>
    <ClCompile Include="Data\PickupObjective.cpp">
      <Filter>Data\Objectives\Pickup</Filter>
    </ClCompile>
    <ClCompile Include="Data\CollectPickupObjective.cpp">
      <Filter>Data\Objectives\Pickup\Collect</Filter>
    </ClCompile>
    <ClCompile Include="Data\PhotographObjectObjective.cpp">
      <Filter>Data\Objectives\Object\Photograph</Filter>
    </ClCompile>
    <ClCompile Include="Data\TouchObjectObjective.cpp">
      <Filter>Data\Objectives\Object\Touch</Filter>
    </ClCompile>
    <ClCompile Include="Data\PlayerObjective.cpp">
      <Filter>Data\Objectives\Player</Filter>
    </ClCompile>
    <ClCompile Include="Data\TeleportPlayerObjective.cpp">
      <Filter>Data\Objectives\Player\Teleport</Filter>
    </ClCompile>
    <ClCompile Include="Data\AnimationPlayerObjective.cpp">
      <Filter>Data\Objectives\Player\Animation</Filter>
    </ClCompile>
    <ClCompile Include="Data\TeleportToVehiclePlayerObjective.cpp">
      <Filter>Data\Objectives\Player\TeleportToVehicle</Filter>
    </ClCompile>
    <ClCompile Include="Data\LevelWantedPlayerObjective.cpp">
      <Filter>Data\Objectives\Player\LevelWanted</Filter>
    </ClCompile>
    <ClCompile Include="Data\RemoveWeaponsObjective.cpp">
      <Filter>Data\Objectives\Player\RemoveWeapons</Filter>
    </ClCompile>
    <ClCompile Include="Data\AddWeaponsPlayerObjective.cpp">
      <Filter>Data\Objectives\Player\AddWeapons</Filter>
    </ClCompile>
    <ClCompile Include="Data\PhoneCallPlayerObjective.cpp">
      <Filter>Data\Objectives\Player\PhoneCall</Filter>
    </ClCompile>
    <ClCompile Include="Data\AddMoneyPlayerObjective.cpp">
      <Filter>Data\Objectives\Player\AddMoney</Filter>
    </ClCompile>
    <ClCompile Include="Data\AddTimerObjective.cpp">
      <Filter>Data\Objectives\World\AddTimer</Filter>
    </ClCompile>
    <ClCompile Include="utils\TimerService.cpp">
      <Filter>Utils\TimerService</Filter>
    </ClCompile>
    <ClCompile Include="Data\RemoveTimerObjective.cpp">
      <Filter>Data\Objectives\World\RemoveTimer</Filter>
    </ClCompile>
  </ItemGroup>
  <ItemGroup>
    <ClInclude Include="ImGui\imstb_truetype.h">
      <Filter>ImGui</Filter>
    </ClInclude>
    <ClInclude Include="ImGui\imconfig.h">
      <Filter>ImGui</Filter>
    </ClInclude>
    <ClInclude Include="ImGui\imgui.h">
      <Filter>ImGui</Filter>
    </ClInclude>
    <ClInclude Include="ImGui\imgui_impl_dx9.h">
      <Filter>ImGui</Filter>
    </ClInclude>
    <ClInclude Include="ImGui\imgui_impl_win32.h">
      <Filter>ImGui</Filter>
    </ClInclude>
    <ClInclude Include="ImGui\imgui_internal.h">
      <Filter>ImGui</Filter>
    </ClInclude>
    <ClInclude Include="ImGui\imstb_rectpack.h">
      <Filter>ImGui</Filter>
    </ClInclude>
    <ClInclude Include="ImGui\imstb_textedit.h">
      <Filter>ImGui</Filter>
    </ClInclude>
    <ClInclude Include="utils\fa.h">
      <Filter>Utils</Filter>
    </ClInclude>
    <ClInclude Include="utils\imguistyleloader.h">
      <Filter>Utils</Filter>
    </ClInclude>
    <ClInclude Include="utils\KeyCodes.h">
      <Filter>Utils</Filter>
    </ClInclude>
    <ClInclude Include="utils\utils.h">
      <Filter>Utils</Filter>
    </ClInclude>
    <ClInclude Include="Windows\AbstractWindow.h">
      <Filter>Windows</Filter>
    </ClInclude>
    <ClInclude Include="utils\Logger.h" />
    <ClInclude Include="utils\Settings.h">
      <Filter>Utils\settings</Filter>
    </ClInclude>
    <ClInclude Include="Windows\SettingsWindow.h">
      <Filter>Windows\Settings</Filter>
    </ClInclude>
    <ClInclude Include="Windows\MainMenu.h">
      <Filter>Windows\MainMenu</Filter>
    </ClInclude>
    <ClInclude Include="utils\Localization\Localization.h">
      <Filter>Utils\Localization</Filter>
    </ClInclude>
    <ClInclude Include="utils\Tasker.h">
      <Filter>Utils</Filter>
    </ClInclude>
    <ClInclude Include="utils\LuaEngine.h" />
    <ClInclude Include="Windows\EntitiesWindow.h">
      <Filter>Windows\Entities</Filter>
    </ClInclude>
    <ClInclude Include="include\constants.h">
      <Filter>Utils</Filter>
    </ClInclude>
    <ClInclude Include="utils\HotKeyService.h">
      <Filter>Utils\HotkeyService</Filter>
    </ClInclude>
    <ClInclude Include="Windows\ProjectsWindowPopup.h">
      <Filter>Windows\ProjectsPopup</Filter>
    </ClInclude>
    <ClInclude Include="utils\ProjectsService.h">
      <Filter>Utils\ProjectsService</Filter>
    </ClInclude>
    <ClInclude Include="Windows\ActorsWindow.h">
      <Filter>Windows\ActorsWindow</Filter>
    </ClInclude>
    <ClInclude Include="Windows\ListWindow.h">
      <Filter>Windows</Filter>
    </ClInclude>
    <ClInclude Include="ImGui\WindowsRenderService.h">
      <Filter>ImGui</Filter>
    </ClInclude>
    <ClInclude Include="utils\HotkeysExecutor.h">
      <Filter>Utils</Filter>
    </ClInclude>
    <ClInclude Include="Windows\utilsRender.h">
      <Filter>Windows</Filter>
    </ClInclude>
    <ClInclude Include="utils\ModelsService.h">
      <Filter>Utils\ModelsService</Filter>
    </ClInclude>
    <ClInclude Include="Windows\PopupSkinSelector.h">
      <Filter>Windows\PopupSkinSelector</Filter>
    </ClInclude>
    <ClInclude Include="Windows\PopupWeaponSelector.h">
      <Filter>Windows\PopupWeaponSelector</Filter>
    </ClInclude>
    <ClInclude Include="Windows\NameEntitiesRender.h">
      <Filter>Windows\NamesEntitiesRender</Filter>
    </ClInclude>
    <ClInclude Include="ImGui\imgui_stdlib.h">
      <Filter>ImGui</Filter>
    </ClInclude>
    <ClInclude Include="Windows\QuickCommandsWindow.h">
      <Filter>Windows\FactCommandWindow</Filter>
    </ClInclude>
    <ClInclude Include="Windows\PopupScenes.h">
      <Filter>Windows\PopupScenes</Filter>
    </ClInclude>
    <ClInclude Include="Windows\PopupWarning.h">
      <Filter>Windows\PopupWarning</Filter>
    </ClInclude>
    <ClInclude Include="utils\FileWatcher.h">
      <Filter>Utils\FileWatcher</Filter>
    </ClInclude>
    <ClInclude Include="include\imgui_notify.h">
      <Filter>Utils</Filter>
    </ClInclude>
    <ClInclude Include="Windows\VehiclesWindow.h">
      <Filter>Windows\VehiclesWindow</Filter>
    </ClInclude>
    <ClInclude Include="utils\components.h">
      <Filter>Utils</Filter>
    </ClInclude>
    <ClInclude Include="utils\vehicle_renderer.h">
      <Filter>Utils</Filter>
    </ClInclude>
    <ClInclude Include="include\forward_declarations.h">
      <Filter>Utils</Filter>
    </ClInclude>
    <ClInclude Include="include\pool_object_extender.h">
      <Filter>Utils</Filter>
    </ClInclude>
    <ClInclude Include="include\singleton.h">
      <Filter>Utils</Filter>
    </ClInclude>
    <ClInclude Include="utils\memsafe.h">
      <Filter>Utils\memsafe</Filter>
    </ClInclude>
    <ClInclude Include="utils\additional_events.h">
      <Filter>Utils\additional_events</Filter>
    </ClInclude>
    <ClInclude Include="utils\pch.h">
      <Filter>Utils</Filter>
    </ClInclude>
    <ClInclude Include="Windows\PopupVehicleSelector.h">
      <Filter>Windows\PopupVehicleSelector</Filter>
    </ClInclude>
    <ClInclude Include="utils\EditByPlayerService.h">
      <Filter>Utils\EditByPlayerService</Filter>
    </ClInclude>
    <ClInclude Include="Data\Actor.h">
      <Filter>Data\Actor</Filter>
    </ClInclude>
    <ClInclude Include="Data\Scene.h">
      <Filter>Data\Scene</Filter>
    </ClInclude>
    <ClInclude Include="Data\Vehicle.h">
      <Filter>Data\Vehicle</Filter>
    </ClInclude>
    <ClInclude Include="Data\Weapon.h">
      <Filter>Data\Weapon</Filter>
    </ClInclude>
    <ClInclude Include="Data\ProjectData.h">
      <Filter>Data\ProjectData</Filter>
    </ClInclude>
    <ClInclude Include="Data\Texture.h">
      <Filter>Data\Texture</Filter>
    </ClInclude>
    <ClInclude Include="Data\INameable.h">
      <Filter>Data\Interfaces</Filter>
    </ClInclude>
    <ClInclude Include="Data\IPositionable.h">
      <Filter>Data\Interfaces</Filter>
    </ClInclude>
    <ClInclude Include="Data\BaseObjective.h">
      <Filter>Data\Objectives</Filter>
    </ClInclude>
    <ClInclude Include="Data\CheckpointObjective.h">
      <Filter>Data\Objectives\World\CheckpointObjective</Filter>
    </ClInclude>
    <ClInclude Include="Data\IRenderable.h">
      <Filter>Data\Interfaces</Filter>
    </ClInclude>
    <ClInclude Include="Data\WorldObjective.h">
      <Filter>Data\Objectives\World</Filter>
    </ClInclude>
    <ClInclude Include="Windows\ObjectivesWindow.h">
      <Filter>Windows\ObjectivesWindow</Filter>
    </ClInclude>
    <ClInclude Include="Data\IUuidable.h">
      <Filter>Data\Interfaces</Filter>
    </ClInclude>
    <ClInclude Include="Windows\PopupSpriteBlipSelector.h">
      <Filter>Windows\PopupSpriteBlipSelector</Filter>
    </ClInclude>
    <ClInclude Include="Windows\ProjectInfoWindow.h">
      <Filter>Windows\ProjectInfoWindow</Filter>
    </ClInclude>
    <ClInclude Include="utils\ProjectPlayerService.h">
      <Filter>Utils\ProjectPlayerService</Filter>
    </ClInclude>
    <ClInclude Include="utils\strUtils.h">
      <Filter>Utils</Filter>
    </ClInclude>
    <ClInclude Include="Data\ObjectiveDependent.h">
      <Filter>Data\ObjectiveDependent</Filter>
    </ClInclude>
    <ClInclude Include="Data\Object.h">
      <Filter>Data\Object</Filter>
    </ClInclude>
    <ClInclude Include="Windows\ObjectsWindow.h">
      <Filter>Windows\ObjectsWindows</Filter>
    </ClInclude>
    <ClInclude Include="utils\ImGuizmo\ImGuizmo.h">
      <Filter>Utils\ImGuizmo</Filter>
    </ClInclude>
    <ClInclude Include="Windows\ModelRenderer.h">
      <Filter>Windows\ModelsViewer</Filter>
    </ClInclude>
    <ClInclude Include="utils\VirtualScene.h">
      <Filter>Utils\VirtualScene</Filter>
    </ClInclude>
    <ClInclude Include="Windows\ObjectViewerPopup.h">
      <Filter>Windows\ObjectViewerPopup</Filter>
    </ClInclude>
    <ClInclude Include="Windows\ObjectSelectorPopup.h">
      <Filter>Windows\ObjectSelectorPopup</Filter>
    </ClInclude>
    <ClInclude Include="sqlite3\sqlite3.h">
      <Filter>Utils\sqlite</Filter>
    </ClInclude>
    <ClInclude Include="utils\HttpRequester.h">
      <Filter>Utils</Filter>
    </ClInclude>
    <ClInclude Include="easylogging\easylogging++.h">
      <Filter>Utils\easylogging</Filter>
    </ClInclude>
    <ClInclude Include="Windows\FastObjectSelector.h">
      <Filter>Windows\FastObjectSelector</Filter>
    </ClInclude>
    <ClInclude Include="Data\Train.h">
      <Filter>Data\Train</Filter>
    </ClInclude>
    <ClInclude Include="Windows\TrainsWindow.h">
      <Filter>Windows\TrainsWindow</Filter>
    </ClInclude>
    <ClInclude Include="Data\Particle.h">
      <Filter>Data\Particle</Filter>
    </ClInclude>
    <ClInclude Include="Windows\ParticlesWindow.h">
      <Filter>Windows\ParticlesWindow</Filter>
    </ClInclude>
    <ClInclude Include="Data\Pickup.h">
      <Filter>Data\Pickup</Filter>
    </ClInclude>
    <ClInclude Include="Windows\PickupsWindow.h">
      <Filter>Windows\PickupWindow</Filter>
    </ClInclude>
    <ClInclude Include="Data\Pyrotechnics.h">
      <Filter>Data\Pyrotechnics</Filter>
    </ClInclude>
    <ClInclude Include="Windows\PyrotechnicsWindow.h">
      <Filter>Windows\PyrotechnicsWindow</Filter>
    </ClInclude>
    <ClInclude Include="Data\Audio.h">
      <Filter>Data\Audio</Filter>
    </ClInclude>
    <ClInclude Include="Data\CSoundSystem.h">
      <Filter>Data</Filter>
    </ClInclude>
    <ClInclude Include="Windows\AudioWindow.h">
      <Filter>Windows\AudioWindow</Filter>
    </ClInclude>
    <ClInclude Include="utils\imgui-knobs.h">
      <Filter>Utils</Filter>
    </ClInclude>
    <ClInclude Include="Data\VisualEffect.h">
      <Filter>Data\VisualEffect</Filter>
    </ClInclude>
    <ClInclude Include="Windows\VisualEffectsWindow.h">
      <Filter>Windows\VisualEffectsWindow</Filter>
    </ClInclude>
    <ClInclude Include="Data\Checkpoint.h">
      <Filter>Data\Checkpoint</Filter>
    </ClInclude>
    <ClInclude Include="Windows\CheckpointsWindow.h">
      <Filter>Windows\CheckpointsWindow</Filter>
    </ClInclude>
    <ClInclude Include="Data\Result.h">
      <Filter>Data\Result</Filter>
    </ClInclude>
    <ClInclude Include="lz4\lz4.h">
      <Filter>Utils\lz4</Filter>
    </ClInclude>
    <ClInclude Include="lz4\lz4hc.h">
      <Filter>Utils\lz4</Filter>
    </ClInclude>
    <ClInclude Include="Data\SceneSettings.h">
      <Filter>Data\SceneSettings</Filter>
    </ClInclude>
    <ClInclude Include="Windows\SceneSettingsPopup.h">
      <Filter>Windows\SceneSettingsPopup</Filter>
    </ClInclude>
    <ClInclude Include="Data\ActorObjective.h">
      <Filter>Data\Objectives\Actor</Filter>
    </ClInclude>
    <ClInclude Include="Data\KillActorOrGroupObjective.h">
      <Filter>Data\Objectives\Actor\KillActorOrGroup</Filter>
    </ClInclude>
    <ClInclude Include="Data\DamageActorObjective.h">
      <Filter>Data\Objectives\Actor\DamageActor</Filter>
    </ClInclude>
    <ClInclude Include="Data\VehicleObjective.h">
      <Filter>Data\Objectives\Vehicle</Filter>
    </ClInclude>
    <ClInclude Include="Data\GetInVehicleObjective.h">
      <Filter>Data\Objectives\Vehicle\GetInVehicle</Filter>
    </ClInclude>
    <ClInclude Include="Data\DestroyVehicleObjective.h">
      <Filter>Data\Objectives\Vehicle\DestroyVehicle</Filter>
    </ClInclude>
    <ClInclude Include="Data\CutsceneObjective.h">
      <Filter>Data\Objectives\World\Cutscene</Filter>
    </ClInclude>
    <ClInclude Include="utils\MathUtils.h">
      <Filter>Utils</Filter>
    </ClInclude>
    <ClInclude Include="include\ktcoro_wait.hpp">
      <Filter>Utils</Filter>
    </ClInclude>
    <ClInclude Include="Data\CutsceneMutex.h">
      <Filter>Data\Objectives\World</Filter>
    </ClInclude>
    <ClInclude Include="Data\CountdownObjective.h">
      <Filter>Data\Objectives\World\Countdown</Filter>
    </ClInclude>
    <ClInclude Include="Data\TimeoutObjective.h">
      <Filter>Data\Objectives\World\Timeout</Filter>
    </ClInclude>
    <ClInclude Include="Data\WeatherObjective.h">
      <Filter>Data\Objectives\World\Weather</Filter>
    </ClInclude>
    <ClInclude Include="Data\ClockTimeObjective.h">
      <Filter>Data\Objectives\World\ClockTime</Filter>
    </ClInclude>
    <ClInclude Include="Data\TrafficObjective.h">
      <Filter>Data\Objectives\World\Traffic</Filter>
    </ClInclude>
    <ClInclude Include="Data\ObjectObjective.h">
      <Filter>Data\Objectives\Object</Filter>
    </ClInclude>
    <ClInclude Include="Data\DamageObjectObjective.h">
      <Filter>Data\Objectives\Object\Damage</Filter>
    </ClInclude>
    <ClInclude Include="Data\PickupObjective.h">
      <Filter>Data\Objectives\Pickup</Filter>
    </ClInclude>
    <ClInclude Include="Data\CollectPickupObjective.h">
      <Filter>Data\Objectives\Pickup\Collect</Filter>
    </ClInclude>
    <ClInclude Include="Data\PhotographObjectObjective.h">
      <Filter>Data\Objectives\Object\Photograph</Filter>
    </ClInclude>
    <ClInclude Include="Data\TouchObjectObjective.h">
      <Filter>Data\Objectives\Object\Touch</Filter>
    </ClInclude>
    <ClInclude Include="Data\PlayerObjective.h">
      <Filter>Data\Objectives\Player</Filter>
    </ClInclude>
    <ClInclude Include="Data\TeleportPlayerObjective.h">
      <Filter>Data\Objectives\Player\Teleport</Filter>
    </ClInclude>
    <ClInclude Include="Data\AnimationPlayerObjective.h">
      <Filter>Data\Objectives\Player\Animation</Filter>
    </ClInclude>
    <ClInclude Include="Data\TeleportToVehiclePlayerObjective.h">
      <Filter>Data\Objectives\Player\TeleportToVehicle</Filter>
    </ClInclude>
    <ClInclude Include="Data\LevelWantedPlayerObjective.h">
      <Filter>Data\Objectives\Player\LevelWanted</Filter>
    </ClInclude>
    <ClInclude Include="Data\RemoveWeaponsObjective.h">
      <Filter>Data\Objectives\Player\RemoveWeapons</Filter>
    </ClInclude>
    <ClInclude Include="Data\AddWeaponsPlayerObjective.h">
      <Filter>Data\Objectives\Player\AddWeapons</Filter>
    </ClInclude>
    <ClInclude Include="Data\PhoneCallPlayerObjective.h">
      <Filter>Data\Objectives\Player\PhoneCall</Filter>
    </ClInclude>
    <ClInclude Include="Data\AddMoneyPlayerObjective.h">
      <Filter>Data\Objectives\Player\AddMoney</Filter>
    </ClInclude>
    <ClInclude Include="Data\AddTimerObjective.h">
      <Filter>Data\Objectives\World\AddTimer</Filter>
    </ClInclude>
    <ClInclude Include="utils\TimerService.h">
      <Filter>Utils\TimerService</Filter>
    </ClInclude>
    <ClInclude Include="Data\MathCondition.h">
      <Filter>Data</Filter>
    </ClInclude>
    <ClInclude Include="Data\RemoveTimerObjective.h">
      <Filter>Data\Objectives\World\RemoveTimer</Filter>
    </ClInclude>
  </ItemGroup>
</Project>